
Microsoft Visual Studio Solution File, Format Version 12.00
# Visual Studio 2013
VisualStudioVersion = 12.0.21005.1
MinimumVisualStudioVersion = 10.0.40219.1
Project("{FAE04EC0-301F-11D3-BF4B-00C04F79EFBC}") = "FGMIS", "FGMIS\FGMIS.csproj", "{C03A8EBC-A661-43A6-A39F-9036AB120F69}"
EndProject
Project("{FAE04EC0-301F-11D3-BF4B-00C04F79EFBC}") = "Domain", "Domain\Domain.csproj", "{B10E091F-4BF4-43AC-AAA6-772DE284DDA9}"
EndProject
Project("{FAE04EC0-301F-11D3-BF4B-00C04F79EFBC}") = "Session", "Session\Session.csproj", "{1D58DA10-9535-49F8-88C0-34E8DF528F79}"
EndProject
Global
	GlobalSection(SolutionConfigurationPlatforms) = preSolution
		Debug|Any CPU = Debug|Any CPU
		Release|Any CPU = Release|Any CPU
	EndGlobalSection
	GlobalSection(ProjectConfigurationPlatforms) = postSolution
		{C03A8EBC-A661-43A6-A39F-9036AB120F69}.Debug|Any CPU.ActiveCfg = Debug|Any CPU
		{C03A8EBC-A661-43A6-A39F-9036AB120F69}.Debug|Any CPU.Build.0 = Debug|Any CPU
		{C03A8EBC-A661-43A6-A39F-9036AB120F69}.Release|Any CPU.ActiveCfg = Release|Any CPU
		{C03A8EBC-A661-43A6-A39F-9036AB120F69}.Release|Any CPU.Build.0 = Release|Any CPU
		{B10E091F-4BF4-43AC-AAA6-772DE284DDA9}.Debug|Any CPU.ActiveCfg = Debug|Any CPU
		{B10E091F-4BF4-43AC-AAA6-772DE284DDA9}.Debug|Any CPU.Build.0 = Debug|Any CPU
		{B10E091F-4BF4-43AC-AAA6-772DE284DDA9}.Release|Any CPU.ActiveCfg = Release|Any CPU
		{B10E091F-4BF4-43AC-AAA6-772DE284DDA9}.Release|Any CPU.Build.0 = Release|Any CPU
		{1D58DA10-9535-49F8-88C0-34E8DF528F79}.Debug|Any CPU.ActiveCfg = Debug|Any CPU
		{1D58DA10-9535-49F8-88C0-34E8DF528F79}.Debug|Any CPU.Build.0 = Debug|Any CPU
		{1D58DA10-9535-49F8-88C0-34E8DF528F79}.Release|Any CPU.ActiveCfg = Release|Any CPU
		{1D58DA10-9535-49F8-88C0-34E8DF528F79}.Release|Any CPU.Build.0 = Release|Any CPU
	EndGlobalSection
	GlobalSection(SolutionProperties) = preSolution
		HideSolutionNode = FALSE
	EndGlobalSection
EndGlobal
